
Microsoft Visual Studio Solution File, Format Version 12.00
# Visual Studio 15
VisualStudioVersion = 15.0.28010.2041
MinimumVisualStudioVersion = 10.0.40219.1
Project("{FAE04EC0-301F-11D3-BF4B-00C04F79EFBC}") = "InputValidation", "InputValidation\InputValidation.csproj", "{22BE1ECE-733F-483B-BE14-00724C5DA3FD}"
EndProject
Global
	GlobalSection(SolutionConfigurationPlatforms) = preSolution
		Debug|Any CPU = Debug|Any CPU
		Release|Any CPU = Release|Any CPU
	EndGlobalSection
	GlobalSection(ProjectConfigurationPlatforms) = postSolution
		{22BE1ECE-733F-483B-BE14-00724C5DA3FD}.Debug|Any CPU.ActiveCfg = Debug|Any CPU
		{22BE1ECE-733F-483B-BE14-00724C5DA3FD}.Debug|Any CPU.Build.0 = Debug|Any CPU
		{22BE1ECE-733F-483B-BE14-00724C5DA3FD}.Release|Any CPU.ActiveCfg = Release|Any CPU
		{22BE1ECE-733F-483B-BE14-00724C5DA3FD}.Release|Any CPU.Build.0 = Release|Any CPU
	EndGlobalSection
	GlobalSection(SolutionProperties) = preSolution
		HideSolutionNode = FALSE
	EndGlobalSection
	GlobalSection(ExtensibilityGlobals) = postSolution
		SolutionGuid = {B107A48A-BEAE-464F-BC10-F87905A1166F}
	EndGlobalSection
EndGlobal
